
Microsoft Visual Studio Solution File, Format Version 12.00
# Visual Studio Version 16
VisualStudioVersion = 16.0.29709.97
MinimumVisualStudioVersion = 10.0.40219.1
Project("{6EC3EE1D-3C4E-46DD-8F32-0CC8E7565705}") = "FarmerApp", "FarmerApp.fsproj", "{FBD6B0F5-8F14-45EF-89E8-E28038B135BE}"
EndProject
Global
	GlobalSection(SolutionConfigurationPlatforms) = preSolution
		Debug|Any CPU = Debug|Any CPU
		Release|Any CPU = Release|Any CPU
	EndGlobalSection
	GlobalSection(ProjectConfigurationPlatforms) = postSolution
		{FBD6B0F5-8F14-45EF-89E8-E28038B135BE}.Debug|Any CPU.ActiveCfg = Debug|Any CPU
		{FBD6B0F5-8F14-45EF-89E8-E28038B135BE}.Debug|Any CPU.Build.0 = Debug|Any CPU
		{FBD6B0F5-8F14-45EF-89E8-E28038B135BE}.Release|Any CPU.ActiveCfg = Release|Any CPU
		{FBD6B0F5-8F14-45EF-89E8-E28038B135BE}.Release|Any CPU.Build.0 = Release|Any CPU
	EndGlobalSection
	GlobalSection(SolutionProperties) = preSolution
		HideSolutionNode = FALSE
	EndGlobalSection
	GlobalSection(ExtensibilityGlobals) = postSolution
		SolutionGuid = {5673A10E-372B-4A52-9207-95B2CB0FA0E3}
	EndGlobalSection
EndGlobal
